
Microsoft Visual Studio Solution File, Format Version 12.00
# Visual Studio Version 16
VisualStudioVersion = 16.0.28315.86
MinimumVisualStudioVersion = 10.0.40219.1
Project("{2150E333-8FDC-42A3-9474-1A3956D46DE8}") = "Engine", "Engine", "{94A6C6F3-99B3-346E-9557-ABF9D4064DBD}"
EndProject
Project("{2150E333-8FDC-42A3-9474-1A3956D46DE8}") = "Games", "Games", "{8E2F6A87-1826-34F4-940C-CC23A48F9FE4}"
EndProject
Project("{8BC9CEB8-8B4A-11D0-8D11-00A0C91BC942}") = "UE4", "Intermediate\ProjectFiles\UE4.vcxproj", "{4E85CCE6-43B1-45A3-9F3E-09D1F2E5F52C}"
EndProject
Project("{8BC9CEB8-8B4A-11D0-8D11-00A0C91BC942}") = "UEKR2", "Intermediate\ProjectFiles\UEKR2.vcxproj", "{4E75F3D1-616F-4F46-9CE7-BD38EC8B2454}"
EndProject
Project("{2150E333-8FDC-42A3-9474-1A3956D46DE8}") = "Visualizers", "Visualizers", "{1CCEC849-CC72-4C59-8C36-2F7C38706D4C}"
	ProjectSection(SolutionItems) = preProject
		..\..\..\..\..\UE_4.26\Engine\Extras\VisualStudioDebugging\UE4.natvis = ..\..\..\..\..\UE_4.26\Engine\Extras\VisualStudioDebugging\UE4.natvis
	EndProjectSection
EndProject
Global
	GlobalSection(SolutionConfigurationPlatforms) = preSolution
		DebugGame Editor|Win32 = DebugGame Editor|Win32
		DebugGame Editor|Win64 = DebugGame Editor|Win64
		DebugGame|Win32 = DebugGame|Win32
		DebugGame|Win64 = DebugGame|Win64
		Development Editor|Win32 = Development Editor|Win32
		Development Editor|Win64 = Development Editor|Win64
		Development|Win32 = Development|Win32
		Development|Win64 = Development|Win64
		Shipping|Win32 = Shipping|Win32
		Shipping|Win64 = Shipping|Win64
	EndGlobalSection
	GlobalSection(ProjectConfigurationPlatforms) = postSolution
		{4E85CCE6-43B1-45A3-9F3E-09D1F2E5F52C}.DebugGame Editor|Win32.ActiveCfg = BuiltWithUnrealBuildTool|Win32
		{4E85CCE6-43B1-45A3-9F3E-09D1F2E5F52C}.DebugGame Editor|Win64.ActiveCfg = BuiltWithUnrealBuildTool|Win32
		{4E85CCE6-43B1-45A3-9F3E-09D1F2E5F52C}.DebugGame|Win32.ActiveCfg = BuiltWithUnrealBuildTool|Win32
		{4E85CCE6-43B1-45A3-9F3E-09D1F2E5F52C}.DebugGame|Win64.ActiveCfg = BuiltWithUnrealBuildTool|Win32
		{4E85CCE6-43B1-45A3-9F3E-09D1F2E5F52C}.Development Editor|Win32.ActiveCfg = BuiltWithUnrealBuildTool|Win32
		{4E85CCE6-43B1-45A3-9F3E-09D1F2E5F52C}.Development Editor|Win64.ActiveCfg = BuiltWithUnrealBuildTool|Win32
		{4E85CCE6-43B1-45A3-9F3E-09D1F2E5F52C}.Development|Win32.ActiveCfg = BuiltWithUnrealBuildTool|Win32
		{4E85CCE6-43B1-45A3-9F3E-09D1F2E5F52C}.Development|Win64.ActiveCfg = BuiltWithUnrealBuildTool|Win32
		{4E85CCE6-43B1-45A3-9F3E-09D1F2E5F52C}.Shipping|Win32.ActiveCfg = BuiltWithUnrealBuildTool|Win32
		{4E85CCE6-43B1-45A3-9F3E-09D1F2E5F52C}.Shipping|Win64.ActiveCfg = BuiltWithUnrealBuildTool|Win32
		{4E75F3D1-616F-4F46-9CE7-BD38EC8B2454}.DebugGame Editor|Win32.ActiveCfg = Invalid|Win32
		{4E75F3D1-616F-4F46-9CE7-BD38EC8B2454}.DebugGame Editor|Win64.ActiveCfg = DebugGame_Editor|x64
		{4E75F3D1-616F-4F46-9CE7-BD38EC8B2454}.DebugGame Editor|Win64.Build.0 = DebugGame_Editor|x64
		{4E75F3D1-616F-4F46-9CE7-BD38EC8B2454}.DebugGame|Win32.ActiveCfg = DebugGame|Win32
		{4E75F3D1-616F-4F46-9CE7-BD38EC8B2454}.DebugGame|Win32.Build.0 = DebugGame|Win32
		{4E75F3D1-616F-4F46-9CE7-BD38EC8B2454}.DebugGame|Win64.ActiveCfg = DebugGame|x64
		{4E75F3D1-616F-4F46-9CE7-BD38EC8B2454}.DebugGame|Win64.Build.0 = DebugGame|x64
		{4E75F3D1-616F-4F46-9CE7-BD38EC8B2454}.Development Editor|Win32.ActiveCfg = Invalid|Win32
		{4E75F3D1-616F-4F46-9CE7-BD38EC8B2454}.Development Editor|Win64.ActiveCfg = Development_Editor|x64
		{4E75F3D1-616F-4F46-9CE7-BD38EC8B2454}.Development Editor|Win64.Build.0 = Development_Editor|x64
		{4E75F3D1-616F-4F46-9CE7-BD38EC8B2454}.Development|Win32.ActiveCfg = Development|Win32
		{4E75F3D1-616F-4F46-9CE7-BD38EC8B2454}.Development|Win32.Build.0 = Development|Win32
		{4E75F3D1-616F-4F46-9CE7-BD38EC8B2454}.Development|Win64.ActiveCfg = Development|x64
		{4E75F3D1-616F-4F46-9CE7-BD38EC8B2454}.Development|Win64.Build.0 = Development|x64
		{4E75F3D1-616F-4F46-9CE7-BD38EC8B2454}.Shipping|Win32.ActiveCfg = Shipping|Win32
		{4E75F3D1-616F-4F46-9CE7-BD38EC8B2454}.Shipping|Win32.Build.0 = Shipping|Win32
		{4E75F3D1-616F-4F46-9CE7-BD38EC8B2454}.Shipping|Win64.ActiveCfg = Shipping|x64
		{4E75F3D1-616F-4F46-9CE7-BD38EC8B2454}.Shipping|Win64.Build.0 = Shipping|x64
	EndGlobalSection
	GlobalSection(SolutionProperties) = preSolution
		HideSolutionNode = FALSE
	EndGlobalSection
	GlobalSection(NestedProjects) = preSolution
		{4E85CCE6-43B1-45A3-9F3E-09D1F2E5F52C} = {94A6C6F3-99B3-346E-9557-ABF9D4064DBD}
		{4E75F3D1-616F-4F46-9CE7-BD38EC8B2454} = {8E2F6A87-1826-34F4-940C-CC23A48F9FE4}
	EndGlobalSection
EndGlobal
